
Microsoft Visual Studio Solution File, Format Version 12.00
# Visual Studio Version 17
VisualStudioVersion = 17.4.33213.308
MinimumVisualStudioVersion = 10.0.40219.1
Project("{FAE04EC0-301F-11D3-BF4B-00C04F79EFBC}") = "FightOfLegends2.0", "FightOfLegends2.0.csproj", "{BEFFC7FE-2595-458A-968A-7D1313F48232}"
EndProject
Project("{54435603-DBB4-11D2-8724-00A0C9A8B90C}") = "FightOfLegendsSetUp", "..\FightOfLegendsSetUp\FightOfLegendsSetUp.vdproj", "{704D0613-5A0B-4E01-A63B-CFD16944C3CE}"
EndProject
Global
	GlobalSection(SolutionConfigurationPlatforms) = preSolution
		Debug|Any CPU = Debug|Any CPU
		Release|Any CPU = Release|Any CPU
	EndGlobalSection
	GlobalSection(ProjectConfigurationPlatforms) = postSolution
		{BEFFC7FE-2595-458A-968A-7D1313F48232}.Debug|Any CPU.ActiveCfg = Debug|Any CPU
		{BEFFC7FE-2595-458A-968A-7D1313F48232}.Debug|Any CPU.Build.0 = Debug|Any CPU
		{BEFFC7FE-2595-458A-968A-7D1313F48232}.Release|Any CPU.ActiveCfg = Release|Any CPU
		{BEFFC7FE-2595-458A-968A-7D1313F48232}.Release|Any CPU.Build.0 = Release|Any CPU
		{704D0613-5A0B-4E01-A63B-CFD16944C3CE}.Debug|Any CPU.ActiveCfg = Debug
		{704D0613-5A0B-4E01-A63B-CFD16944C3CE}.Release|Any CPU.ActiveCfg = Release
	EndGlobalSection
	GlobalSection(SolutionProperties) = preSolution
		HideSolutionNode = FALSE
	EndGlobalSection
	GlobalSection(ExtensibilityGlobals) = postSolution
		SolutionGuid = {46D87D90-F435-4971-A053-CEE08823DF27}
	EndGlobalSection
EndGlobal
